
Microsoft Visual Studio Solution File, Format Version 12.00
# Visual Studio Version 16
VisualStudioVersion = 16.0.30717.126
MinimumVisualStudioVersion = 10.0.40219.1
Project("{FAE04EC0-301F-11D3-BF4B-00C04F79EFBC}") = "KP_Staff", "KP_Staff\KP_Staff.csproj", "{4D3B267B-B0F8-4DC9-A9B4-C9209A33EEDE}"
EndProject
Global
	GlobalSection(SolutionConfigurationPlatforms) = preSolution
		Debug|Any CPU = Debug|Any CPU
		Release|Any CPU = Release|Any CPU
	EndGlobalSection
	GlobalSection(ProjectConfigurationPlatforms) = postSolution
		{4D3B267B-B0F8-4DC9-A9B4-C9209A33EEDE}.Debug|Any CPU.ActiveCfg = Debug|Any CPU
		{4D3B267B-B0F8-4DC9-A9B4-C9209A33EEDE}.Debug|Any CPU.Build.0 = Debug|Any CPU
		{4D3B267B-B0F8-4DC9-A9B4-C9209A33EEDE}.Release|Any CPU.ActiveCfg = Release|Any CPU
		{4D3B267B-B0F8-4DC9-A9B4-C9209A33EEDE}.Release|Any CPU.Build.0 = Release|Any CPU
	EndGlobalSection
	GlobalSection(SolutionProperties) = preSolution
		HideSolutionNode = FALSE
	EndGlobalSection
	GlobalSection(ExtensibilityGlobals) = postSolution
		SolutionGuid = {8FD0E62B-E038-4ECD-B2A7-38AD858738D2}
	EndGlobalSection
EndGlobal
